---
lockfileVersion: 1
lockfileVendor: redhat
arches:
- arch: x86_64
  packages:
  - url: https://cdn-ubi.redhat.com/content/public/ubi/dist/ubi9/9/x86_64/appstream/os/Packages/c/containers-common-1-96.el9_5.x86_64.rpm
    repoid: ubi-9-for-x86_64-appstream-rpms
    size: 148067
    checksum: sha256:e8f54f5b0699c9fa69bd0a54f78f84ec8cf8c36fdd39a2a7ecc8c86e06fffb7d
    name: containers-common
    evr: 2:1-96.el9_5
    sourcerpm: containers-common-1-96.el9_5.src.rpm
  - url: https://cdn-ubi.redhat.com/content/public/ubi/dist/ubi9/9/x86_64/appstream/os/Packages/c/criu-3.19-1.el9.x86_64.rpm
    repoid: ubi-9-for-x86_64-appstream-rpms
    size: 576009
    checksum: sha256:823ac6aab1745521039d5aa4db2e843cb632854449d5b06420eb52825a985b59
    name: criu
    evr: 3.19-1.el9
    sourcerpm: criu-3.19-1.el9.src.rpm
  - url: https://cdn-ubi.redhat.com/content/public/ubi/dist/ubi9/9/x86_64/appstream/os/Packages/c/criu-libs-3.19-1.el9.x86_64.rpm
    repoid: ubi-9-for-x86_64-appstream-rpms
    size: 33643
    checksum: sha256:bb821ddf9bd0321e0750d2fc5cadd5f531e67cafacf6d92512e714b31133a64d
    name: criu-libs
    evr: 3.19-1.el9
    sourcerpm: criu-3.19-1.el9.src.rpm
  - url: https://cdn-ubi.redhat.com/content/public/ubi/dist/ubi9/9/x86_64/appstream/os/Packages/c/crun-1.16.1-1.el9.x86_64.rpm
    repoid: ubi-9-for-x86_64-appstream-rpms
    size: 231179
    checksum: sha256:799e1b2c4c898c72ccf45118bee379d1a2c427948be07efe547e43cbbda454a4
    name: crun
    evr: 1.16.1-1.el9
    sourcerpm: crun-1.16.1-1.el9.src.rpm
  - url: https://cdn-ubi.redhat.com/content/public/ubi/dist/ubi9/9/x86_64/appstream/os/Packages/f/fuse-overlayfs-1.14-1.el9.x86_64.rpm
    repoid: ubi-9-for-x86_64-appstream-rpms
    size: 71022
    checksum: sha256:884e4034c930e0305d2402da2bdc1eac5a91295da06e554b75c1c9a4529ddbc2
    name: fuse-overlayfs
    evr: 1.14-1.el9
    sourcerpm: fuse-overlayfs-1.14-1.el9.src.rpm
  - url: https://cdn-ubi.redhat.com/content/public/ubi/dist/ubi9/9/x86_64/appstream/os/Packages/f/fuse3-3.10.2-9.el9.x86_64.rpm
    repoid: ubi-9-for-x86_64-appstream-rpms
    size: 58706
    checksum: sha256:4674b4ee6150c8f8be01a028a471c209a6be7c0cf78e9450cf28fb01eaed9ea2
    name: fuse3
    evr: 3.10.2-9.el9
    sourcerpm: fuse3-3.10.2-9.el9.src.rpm
  - url: https://cdn-ubi.redhat.com/content/public/ubi/dist/ubi9/9/x86_64/appstream/os/Packages/f/fuse3-libs-3.10.2-9.el9.x86_64.rpm
    repoid: ubi-9-for-x86_64-appstream-rpms
    size: 95573
    checksum: sha256:945e1d95edbce9c7dba52e9317d4564381efa5a1ba48d4bd49a58c85e47cd717
    name: fuse3-libs
    evr: 3.10.2-9.el9
    sourcerpm: fuse3-3.10.2-9.el9.src.rpm
  - url: https://cdn-ubi.redhat.com/content/public/ubi/dist/ubi9/9/x86_64/appstream/os/Packages/j/jq-1.6-15.el9.x86_64.rpm
    repoid: ubi-9-for-x86_64-appstream-rpms
    size: 194271
    checksum: sha256:d3157267cce88006c2ad3327ea7eb8983bea6f69327c157228b89814a3c473ae
    name: jq
    evr: 1.6-15.el9
    sourcerpm: jq-1.6-15.el9.src.rpm
  - url: https://cdn-ubi.redhat.com/content/public/ubi/dist/ubi9/9/x86_64/appstream/os/Packages/l/libnet-1.2-7.el9.x86_64.rpm
    repoid: ubi-9-for-x86_64-appstream-rpms
    size: 61278
    checksum: sha256:738b9a7ab78c149487e349d90c384b59031d5763ba687a6b58a4f853671af86b
    name: libnet
    evr: 1.2-7.el9
    sourcerpm: libnet-1.2-7.el9.src.rpm
  - url: https://cdn-ubi.redhat.com/content/public/ubi/dist/ubi9/9/x86_64/appstream/os/Packages/l/libslirp-4.4.0-8.el9.x86_64.rpm
    repoid: ubi-9-for-x86_64-appstream-rpms
    size: 71992
    checksum: sha256:9bd269ec50504f997683e963481f870bb937c3cfdb54a057e9acca67bf2b7631
    name: libslirp
    evr: 4.4.0-8.el9
    sourcerpm: libslirp-4.4.0-8.el9.src.rpm
  - url: https://cdn-ubi.redhat.com/content/public/ubi/dist/ubi9/9/x86_64/appstream/os/Packages/o/oniguruma-6.9.6-1.el9.5.x86_64.rpm
    repoid: ubi-9-for-x86_64-appstream-rpms
    size: 226331
    checksum: sha256:6c884cc2216e5b4699ebd8cde27b39e99532520b367f645ed6cc660d081916dc
    name: oniguruma
    evr: 6.9.6-1.el9.5
    sourcerpm: oniguruma-6.9.6-1.el9.5.src.rpm
  - url: https://cdn-ubi.redhat.com/content/public/ubi/dist/ubi9/9/x86_64/appstream/os/Packages/p/python-unversioned-command-3.9.21-1.el9_5.noarch.rpm
    repoid: ubi-9-for-x86_64-appstream-rpms
    size: 10813
    checksum: sha256:9409fab1b252ea2717b593cdc96227ead9fdf7040c4d5391f33352e3d193842e
    name: python-unversioned-command
    evr: 3.9.21-1.el9_5
    sourcerpm: python3.9-3.9.21-1.el9_5.src.rpm
  - url: https://cdn-ubi.redhat.com/content/public/ubi/dist/ubi9/9/x86_64/appstream/os/Packages/p/python3-ruamel-yaml-clib-0.2.7-3.el9.x86_64.rpm
    repoid: ubi-9-for-x86_64-appstream-rpms
    size: 151468
    checksum: sha256:e7c146794a3e4ea343c32e68a3071ba72c941624f6340ede8bba60ff09d00851
    name: python3-ruamel-yaml-clib
    evr: 0.2.7-3.el9
    sourcerpm: python-ruamel-yaml-clib-0.2.7-3.el9.src.rpm
  - url: https://cdn-ubi.redhat.com/content/public/ubi/dist/ubi9/9/x86_64/appstream/os/Packages/s/skopeo-1.16.1-2.el9_5.x86_64.rpm
    repoid: ubi-9-for-x86_64-appstream-rpms
    size: 9199290
    checksum: sha256:9ee81140efbcd9b024bfc40fb3572a17b64c81831184d90ac8babb52f4949bf7
    name: skopeo
    evr: 2:1.16.1-2.el9_5
    sourcerpm: skopeo-1.16.1-2.el9_5.src.rpm
  - url: https://cdn-ubi.redhat.com/content/public/ubi/dist/ubi9/9/x86_64/appstream/os/Packages/s/slirp4netns-1.3.1-1.el9.x86_64.rpm
    repoid: ubi-9-for-x86_64-appstream-rpms
    size: 50412
    checksum: sha256:ddfeed233ab33a8eaf5dabf37e688398c9801f28822f411fa94e7b134cfd4ae6
    name: slirp4netns
    evr: 1.3.1-1.el9
    sourcerpm: slirp4netns-1.3.1-1.el9.src.rpm
  - url: https://cdn-ubi.redhat.com/content/public/ubi/dist/ubi9/9/x86_64/appstream/os/Packages/y/yajl-2.1.0-22.el9.x86_64.rpm
    repoid: ubi-9-for-x86_64-appstream-rpms
    size: 42586
    checksum: sha256:e130574b0923861bfda720449d00cef5e2dfb13b1da94d5143354b3f2b10709c
    name: yajl
    evr: 2.1.0-22.el9
    sourcerpm: yajl-2.1.0-22.el9.src.rpm
  - url: https://cdn-ubi.redhat.com/content/public/ubi/dist/ubi9/9/x86_64/baseos/os/Packages/e/expat-2.5.0-3.el9_5.1.x86_64.rpm
    repoid: ubi-9-for-x86_64-baseos-rpms
    size: 121783
    checksum: sha256:e9b4eb1c8a2ca7787a8ffea53b2a86533a1eb6aea72f05919c2748cd63dad32a
    name: expat
    evr: 2.5.0-3.el9_5.1
    sourcerpm: expat-2.5.0-3.el9_5.1.src.rpm
  - url: https://cdn-ubi.redhat.com/content/public/ubi/dist/ubi9/9/x86_64/baseos/os/Packages/f/fuse-common-3.10.2-9.el9.x86_64.rpm
    repoid: ubi-9-for-x86_64-baseos-rpms
    size: 8750
    checksum: sha256:548265cbee787fa659bc79c07e15a12007f39eb70e905bf660ec488f0bb8820f
    name: fuse-common
    evr: 3.10.2-9.el9
    sourcerpm: fuse3-3.10.2-9.el9.src.rpm
  - url: https://cdn-ubi.redhat.com/content/public/ubi/dist/ubi9/9/x86_64/baseos/os/Packages/g/gnupg2-2.3.3-4.el9.x86_64.rpm
    repoid: ubi-9-for-x86_64-baseos-rpms
    size: 2641396
    checksum: sha256:c6541c33c623ea78fe08e876218d4480923b499ba74de428686d015da984bd1d
    name: gnupg2
    evr: 2.3.3-4.el9
    sourcerpm: gnupg2-2.3.3-4.el9.src.rpm
  - url: https://cdn-ubi.redhat.com/content/public/ubi/dist/ubi9/9/x86_64/baseos/os/Packages/g/gpgme-1.15.1-6.el9.x86_64.rpm
    repoid: ubi-9-for-x86_64-baseos-rpms
    size: 215857
    checksum: sha256:44b4ebb0b3cc5a733d477b684082c23d8b4230953f192113353a6aa664e83624
    name: gpgme
    evr: 1.15.1-6.el9
    sourcerpm: gpgme-1.15.1-6.el9.src.rpm
  - url: https://cdn-ubi.redhat.com/content/public/ubi/dist/ubi9/9/x86_64/baseos/os/Packages/k/kmod-28-10.el9.x86_64.rpm
    repoid: ubi-9-for-x86_64-baseos-rpms
    size: 132888
    checksum: sha256:e9ccad17d4c6c30524ec5c2aab8d8d351f2776ab564baccdbd2df9b54e28baea
    name: kmod
    evr: 28-10.el9
    sourcerpm: kmod-28-10.el9.src.rpm
  - url: https://cdn-ubi.redhat.com/content/public/ubi/dist/ubi9/9/x86_64/baseos/os/Packages/l/libassuan-2.5.5-3.el9.x86_64.rpm
    repoid: ubi-9-for-x86_64-baseos-rpms
    size: 72450
    checksum: sha256:9ba40981a8ea3d51a689a41c2d404bc8d127c6788bc3ae84cefcd5bd3e49cf66
    name: libassuan
    evr: 2.5.5-3.el9
    sourcerpm: libassuan-2.5.5-3.el9.src.rpm
  - url: https://cdn-ubi.redhat.com/content/public/ubi/dist/ubi9/9/x86_64/baseos/os/Packages/l/libgcrypt-1.10.0-11.el9.x86_64.rpm
    repoid: ubi-9-for-x86_64-baseos-rpms
    size: 522581
    checksum: sha256:9d5a5a4292a5a345143b632c2764ad8e7b095413f78f5693d29c2ea5e7d37119
    name: libgcrypt
    evr: 1.10.0-11.el9
    sourcerpm: libgcrypt-1.10.0-11.el9.src.rpm
  - url: https://cdn-ubi.redhat.com/content/public/ubi/dist/ubi9/9/x86_64/baseos/os/Packages/l/libgpg-error-1.42-5.el9.x86_64.rpm
    repoid: ubi-9-for-x86_64-baseos-rpms
    size: 225603
    checksum: sha256:8248e20d7a253aa9c0dc7dc3d56b42e1def4fd5753ce8e8b9e980aa664fc9068
    name: libgpg-error
    evr: 1.42-5.el9
    sourcerpm: libgpg-error-1.42-5.el9.src.rpm
  - url: https://cdn-ubi.redhat.com/content/public/ubi/dist/ubi9/9/x86_64/baseos/os/Packages/l/libksba-1.5.1-7.el9.x86_64.rpm
    repoid: ubi-9-for-x86_64-baseos-rpms
    size: 160847
    checksum: sha256:0a6410250b9cbb346a33a5dec3a5ae83ebb7a32bf953b036c2d244e6d40d75a0
    name: libksba
    evr: 1.5.1-7.el9
    sourcerpm: libksba-1.5.1-7.el9.src.rpm
  - url: https://cdn-ubi.redhat.com/content/public/ubi/dist/ubi9/9/x86_64/baseos/os/Packages/l/libnl3-3.9.0-1.el9.x86_64.rpm
    repoid: ubi-9-for-x86_64-baseos-rpms
    size: 367914
    checksum: sha256:f436a96ba3433f501a7015bec2fa35ac05b52b776f0256b9c8cb3e6268086817
    name: libnl3
    evr: 3.9.0-1.el9
    sourcerpm: libnl3-3.9.0-1.el9.src.rpm
  - url: https://cdn-ubi.redhat.com/content/public/ubi/dist/ubi9/9/x86_64/baseos/os/Packages/l/libseccomp-2.5.2-2.el9.x86_64.rpm
    repoid: ubi-9-for-x86_64-baseos-rpms
    size: 76200
    checksum: sha256:e2015f60dbe784330d5df43f3f05c68c307694600a636a1706bf86527cc82e82
    name: libseccomp
    evr: 2.5.2-2.el9
    sourcerpm: libseccomp-2.5.2-2.el9.src.rpm
  - url: https://cdn-ubi.redhat.com/content/public/ubi/dist/ubi9/9/x86_64/baseos/os/Packages/n/npth-1.6-8.el9.x86_64.rpm
    repoid: ubi-9-for-x86_64-baseos-rpms
    size: 27653
    checksum: sha256:3e044d8534970034063e6445a142780bbe9d37f5e75b98f8788ade5470a32ab6
    name: npth
    evr: 1.6-8.el9
    sourcerpm: npth-1.6-8.el9.src.rpm
  - url: https://cdn-ubi.redhat.com/content/public/ubi/dist/ubi9/9/x86_64/baseos/os/Packages/p/protobuf-c-1.3.3-13.el9.x86_64.rpm
    repoid: ubi-9-for-x86_64-baseos-rpms
    size: 38224
    checksum: sha256:9669f5bed1c9532ede399cd1ea6f8937ae7d18cfb56d59f2939a4b456390035f
    name: protobuf-c
    evr: 1.3.3-13.el9
    sourcerpm: protobuf-c-1.3.3-13.el9.src.rpm
  - url: https://cdn-ubi.redhat.com/content/public/ubi/dist/ubi9/9/x86_64/baseos/os/Packages/p/python3-3.9.21-1.el9_5.x86_64.rpm
    repoid: ubi-9-for-x86_64-baseos-rpms
    size: 30760
    checksum: sha256:2afbe12057e84e1fe11e82140624c6c71a2688b495499336ca50753a40974b14
    name: python3
    evr: 3.9.21-1.el9_5
    sourcerpm: python3.9-3.9.21-1.el9_5.src.rpm
  - url: https://cdn-ubi.redhat.com/content/public/ubi/dist/ubi9/9/x86_64/baseos/os/Packages/p/python3-libs-3.9.21-1.el9_5.x86_64.rpm
    repoid: ubi-9-for-x86_64-baseos-rpms
    size: 8490001
    checksum: sha256:bd3351b048dc50776a010bc38c7666ac1c335169c6d0b55c65cee47150520780
    name: python3-libs
    evr: 3.9.21-1.el9_5
    sourcerpm: python3.9-3.9.21-1.el9_5.src.rpm
  - url: https://cdn-ubi.redhat.com/content/public/ubi/dist/ubi9/9/x86_64/baseos/os/Packages/p/python3-pip-wheel-21.3.1-1.el9.noarch.rpm
    repoid: ubi-9-for-x86_64-baseos-rpms
    size: 1193706
    checksum: sha256:75c46aab03898c66ce16be556432b71aed7efcedce02b9263339c14f57b4fdc0
    name: python3-pip-wheel
    evr: 21.3.1-1.el9
    sourcerpm: python-pip-21.3.1-1.el9.src.rpm
  - url: https://cdn-ubi.redhat.com/content/public/ubi/dist/ubi9/9/x86_64/baseos/os/Packages/p/python3-setuptools-53.0.0-13.el9.noarch.rpm
    repoid: ubi-9-for-x86_64-baseos-rpms
    size: 969726
    checksum: sha256:345f2e3dfa04ccdb65b4c4c9df1900f298acc3bd78dddff66f338fb7e62ccb85
    name: python3-setuptools
    evr: 53.0.0-13.el9
    sourcerpm: python-setuptools-53.0.0-13.el9.src.rpm
  - url: https://cdn-ubi.redhat.com/content/public/ubi/dist/ubi9/9/x86_64/baseos/os/Packages/p/python3-setuptools-wheel-53.0.0-13.el9.noarch.rpm
    repoid: ubi-9-for-x86_64-baseos-rpms
    size: 480100
    checksum: sha256:daf18aa58dd3571cf4258a5a4f67410a1d30ab8c62cd64b2ea99eda5a7f618cf
    name: python3-setuptools-wheel
    evr: 53.0.0-13.el9
    sourcerpm: python-setuptools-53.0.0-13.el9.src.rpm
  - url: https://cdn-ubi.redhat.com/content/public/ubi/dist/ubi9/9/x86_64/codeready-builder/os/Packages/p/python3-ruamel-yaml-0.16.6-7.el9.1.x86_64.rpm
    repoid: ubi-9-for-x86_64-codeready-builder
    size: 218621
    checksum: sha256:edfa4be465a7ce774309cf67c85bd1a2f42fb9b5fe2508ccf681605c2ff21ee9
    name: python3-ruamel-yaml
    evr: 0.16.6-7.el9.1
    sourcerpm: python-ruamel-yaml-0.16.6-7.el9.1.src.rpm
  source: []
  module_metadata: []
